
Microsoft Visual Studio Solution File, Format Version 12.00
# Visual Studio Version 17
VisualStudioVersion = 17.11.35327.3
MinimumVisualStudioVersion = 10.0.40219.1
Project("{FAE04EC0-301F-11D3-BF4B-00C04F79EFBC}") = "Ball_Game_API", "Ball_Game_API\Ball_Game_API.csproj", "{C177AA55-87A0-4946-9B82-46A57AE97C14}"
EndProject
Global
	GlobalSection(SolutionConfigurationPlatforms) = preSolution
		Debug|Any CPU = Debug|Any CPU
		Release|Any CPU = Release|Any CPU
	EndGlobalSection
	GlobalSection(ProjectConfigurationPlatforms) = postSolution
		{C177AA55-87A0-4946-9B82-46A57AE97C14}.Debug|Any CPU.ActiveCfg = Debug|Any CPU
		{C177AA55-87A0-4946-9B82-46A57AE97C14}.Debug|Any CPU.Build.0 = Debug|Any CPU
		{C177AA55-87A0-4946-9B82-46A57AE97C14}.Release|Any CPU.ActiveCfg = Release|Any CPU
		{C177AA55-87A0-4946-9B82-46A57AE97C14}.Release|Any CPU.Build.0 = Release|Any CPU
	EndGlobalSection
	GlobalSection(SolutionProperties) = preSolution
		HideSolutionNode = FALSE
	EndGlobalSection
	GlobalSection(ExtensibilityGlobals) = postSolution
		SolutionGuid = {42E8AC45-37E8-428C-8138-FB5941BC0E13}
	EndGlobalSection
EndGlobal
